
Microsoft Visual Studio Solution File, Format Version 12.00
# Visual Studio 14
VisualStudioVersion = 14.0.25420.1
MinimumVisualStudioVersion = 10.0.40219.1
Project("{FAE04EC0-301F-11D3-BF4B-00C04F79EFBC}") = "iTextSharpTest", "iTextSharpTest\iTextSharpTest.csproj", "{3AC6DAEF-E723-46E3-B856-A15B6E3F8DDB}"
EndProject
Global
	GlobalSection(SolutionConfigurationPlatforms) = preSolution
		Debug|Any CPU = Debug|Any CPU
		Release|Any CPU = Release|Any CPU
	EndGlobalSection
	GlobalSection(ProjectConfigurationPlatforms) = postSolution
		{3AC6DAEF-E723-46E3-B856-A15B6E3F8DDB}.Debug|Any CPU.ActiveCfg = Debug|Any CPU
		{3AC6DAEF-E723-46E3-B856-A15B6E3F8DDB}.Debug|Any CPU.Build.0 = Debug|Any CPU
		{3AC6DAEF-E723-46E3-B856-A15B6E3F8DDB}.Release|Any CPU.ActiveCfg = Release|Any CPU
		{3AC6DAEF-E723-46E3-B856-A15B6E3F8DDB}.Release|Any CPU.Build.0 = Release|Any CPU
	EndGlobalSection
	GlobalSection(SolutionProperties) = preSolution
		HideSolutionNode = FALSE
	EndGlobalSection
EndGlobal
